
Microsoft Visual Studio Solution File, Format Version 12.00
# Visual Studio Version 16
VisualStudioVersion = 16.0.31911.196
MinimumVisualStudioVersion = 10.0.40219.1
Project("{9A19103F-16F7-4668-BE54-9A1E7A4F7556}") = "Day1-1", "Day1-1\Day1-1.csproj", "{94D91578-E08B-4F91-BAEE-8A5B562D8611}"
EndProject
Project("{9A19103F-16F7-4668-BE54-9A1E7A4F7556}") = "Day1-2", "Day1-2\Day1-2.csproj", "{7109531E-B910-43F6-B4F4-1F6C7AEA1B8F}"
EndProject
Project("{9A19103F-16F7-4668-BE54-9A1E7A4F7556}") = "Day2-1", "Day2-1\Day2-1.csproj", "{B2E764E4-805C-4733-95BE-F007CB08868E}"
EndProject
Project("{D954291E-2A0B-460D-934E-DC6B0785DB48}") = "Utils", "Utils\Utils.shproj", "{536A02A5-1FF3-4AB7-9808-0977236078B6}"
EndProject
Project("{9A19103F-16F7-4668-BE54-9A1E7A4F7556}") = "Day2-2", "Day2-2\Day2-2.csproj", "{21776F37-2803-4F65-8505-B58712993757}"
EndProject
Project("{9A19103F-16F7-4668-BE54-9A1E7A4F7556}") = "Day3-1", "Day3-1\Day3-1.csproj", "{1CD75C8B-E0D6-4CCE-ACD6-6FACC457D495}"
EndProject
Project("{9A19103F-16F7-4668-BE54-9A1E7A4F7556}") = "Day3-2", "Day3-2\Day3-2.csproj", "{9D4CDCD8-4E4E-4212-9A04-BD8D0A7CDC47}"
EndProject
Project("{9A19103F-16F7-4668-BE54-9A1E7A4F7556}") = "Day4-1", "Day4-1\Day4-1.csproj", "{66CDA118-4A19-49C7-8789-E3BA3679B8B0}"
EndProject
Project("{9A19103F-16F7-4668-BE54-9A1E7A4F7556}") = "Day4-2", "Day4-2\Day4-2.csproj", "{6F72B367-2441-44A8-A083-7F3F7B2CB60A}"
EndProject
Project("{9A19103F-16F7-4668-BE54-9A1E7A4F7556}") = "Day5-1", "Day5-1\Day5-1.csproj", "{0EBDA0A6-29D5-452B-8E96-7E672D216BE7}"
EndProject
Project("{9A19103F-16F7-4668-BE54-9A1E7A4F7556}") = "Day5-2", "Day5-2\Day5-2.csproj", "{570EA677-EDDA-41D3-9E7B-866482B62CFE}"
EndProject
Project("{9A19103F-16F7-4668-BE54-9A1E7A4F7556}") = "Day6-1", "Day6-1\Day6-1.csproj", "{73A66AFA-C07A-4BE0-BB10-7BC299C8FDAB}"
EndProject
Project("{9A19103F-16F7-4668-BE54-9A1E7A4F7556}") = "Day6-2", "Day6-2\Day6-2.csproj", "{7BDF83E1-2F1F-42D2-82DA-65F74412E837}"
EndProject
Project("{9A19103F-16F7-4668-BE54-9A1E7A4F7556}") = "Day7-1", "Day7-1\Day7-1.csproj", "{8DD5AC10-3AAC-4CE3-8A00-C0F020DD3A1C}"
EndProject
Project("{9A19103F-16F7-4668-BE54-9A1E7A4F7556}") = "Day7-2", "Day7-2\Day7-2.csproj", "{07AEFD68-9E97-4709-9760-8EC7C2BF614F}"
EndProject
Project("{9A19103F-16F7-4668-BE54-9A1E7A4F7556}") = "Day8-1", "Day8-1\Day8-1.csproj", "{1C3B619A-457D-4FBF-88EE-D824F6DE3E15}"
EndProject
Project("{9A19103F-16F7-4668-BE54-9A1E7A4F7556}") = "Day8-2", "Day8-2\Day8-2.csproj", "{B878F625-C8D6-43AD-9067-DBFA8127B549}"
EndProject
Project("{9A19103F-16F7-4668-BE54-9A1E7A4F7556}") = "Day9-1", "Day9-1\Day9-1.csproj", "{17D3296B-1791-4442-95EA-525C0D4C680B}"
EndProject
Project("{9A19103F-16F7-4668-BE54-9A1E7A4F7556}") = "Day9-2", "Day9-2\Day9-2.csproj", "{2FD89EFD-55CB-47AB-BE0E-D684500AB7AA}"
EndProject
Project("{9A19103F-16F7-4668-BE54-9A1E7A4F7556}") = "Day10-1", "Day10-1\Day10-1.csproj", "{0B1CCBBB-94D6-400F-ADDD-7FE5D99F6F1A}"
EndProject
Project("{9A19103F-16F7-4668-BE54-9A1E7A4F7556}") = "Day10-2", "Day10-2\Day10-2.csproj", "{94014DC8-71BC-4E7B-AF62-4D2FFCE33A64}"
EndProject
Project("{FAE04EC0-301F-11D3-BF4B-00C04F79EFBC}") = "Day11-1", "Day11-1\Day11-1.csproj", "{317A8D01-8377-4E74-9FD1-3763D6D6C356}"
EndProject
Project("{FAE04EC0-301F-11D3-BF4B-00C04F79EFBC}") = "Day11-2", "Day11-2\Day11-2.csproj", "{017D397F-FEE4-43A6-B9BC-D33A5CABB62F}"
EndProject
Global
	GlobalSection(SharedMSBuildProjectFiles) = preSolution
		Utils\Utils.projitems*{536a02a5-1ff3-4ab7-9808-0977236078b6}*SharedItemsImports = 13
		Utils\Utils.projitems*{7109531e-b910-43f6-b4f4-1f6c7aea1b8f}*SharedItemsImports = 5
		Utils\Utils.projitems*{94d91578-e08b-4f91-baee-8a5b562d8611}*SharedItemsImports = 5
	EndGlobalSection
	GlobalSection(SolutionConfigurationPlatforms) = preSolution
		Debug|Any CPU = Debug|Any CPU
		Release|Any CPU = Release|Any CPU
	EndGlobalSection
	GlobalSection(ProjectConfigurationPlatforms) = postSolution
		{94D91578-E08B-4F91-BAEE-8A5B562D8611}.Debug|Any CPU.ActiveCfg = Debug|Any CPU
		{94D91578-E08B-4F91-BAEE-8A5B562D8611}.Debug|Any CPU.Build.0 = Debug|Any CPU
		{94D91578-E08B-4F91-BAEE-8A5B562D8611}.Release|Any CPU.ActiveCfg = Release|Any CPU
		{94D91578-E08B-4F91-BAEE-8A5B562D8611}.Release|Any CPU.Build.0 = Release|Any CPU
		{7109531E-B910-43F6-B4F4-1F6C7AEA1B8F}.Debug|Any CPU.ActiveCfg = Debug|Any CPU
		{7109531E-B910-43F6-B4F4-1F6C7AEA1B8F}.Debug|Any CPU.Build.0 = Debug|Any CPU
		{7109531E-B910-43F6-B4F4-1F6C7AEA1B8F}.Release|Any CPU.ActiveCfg = Release|Any CPU
		{7109531E-B910-43F6-B4F4-1F6C7AEA1B8F}.Release|Any CPU.Build.0 = Release|Any CPU
		{B2E764E4-805C-4733-95BE-F007CB08868E}.Debug|Any CPU.ActiveCfg = Debug|Any CPU
		{B2E764E4-805C-4733-95BE-F007CB08868E}.Debug|Any CPU.Build.0 = Debug|Any CPU
		{B2E764E4-805C-4733-95BE-F007CB08868E}.Release|Any CPU.ActiveCfg = Release|Any CPU
		{B2E764E4-805C-4733-95BE-F007CB08868E}.Release|Any CPU.Build.0 = Release|Any CPU
		{21776F37-2803-4F65-8505-B58712993757}.Debug|Any CPU.ActiveCfg = Debug|Any CPU
		{21776F37-2803-4F65-8505-B58712993757}.Debug|Any CPU.Build.0 = Debug|Any CPU
		{21776F37-2803-4F65-8505-B58712993757}.Release|Any CPU.ActiveCfg = Release|Any CPU
		{21776F37-2803-4F65-8505-B58712993757}.Release|Any CPU.Build.0 = Release|Any CPU
		{1CD75C8B-E0D6-4CCE-ACD6-6FACC457D495}.Debug|Any CPU.ActiveCfg = Debug|Any CPU
		{1CD75C8B-E0D6-4CCE-ACD6-6FACC457D495}.Debug|Any CPU.Build.0 = Debug|Any CPU
		{1CD75C8B-E0D6-4CCE-ACD6-6FACC457D495}.Release|Any CPU.ActiveCfg = Release|Any CPU
		{1CD75C8B-E0D6-4CCE-ACD6-6FACC457D495}.Release|Any CPU.Build.0 = Release|Any CPU
		{9D4CDCD8-4E4E-4212-9A04-BD8D0A7CDC47}.Debug|Any CPU.ActiveCfg = Debug|Any CPU
		{9D4CDCD8-4E4E-4212-9A04-BD8D0A7CDC47}.Debug|Any CPU.Build.0 = Debug|Any CPU
		{9D4CDCD8-4E4E-4212-9A04-BD8D0A7CDC47}.Release|Any CPU.ActiveCfg = Release|Any CPU
		{9D4CDCD8-4E4E-4212-9A04-BD8D0A7CDC47}.Release|Any CPU.Build.0 = Release|Any CPU
		{66CDA118-4A19-49C7-8789-E3BA3679B8B0}.Debug|Any CPU.ActiveCfg = Debug|Any CPU
		{66CDA118-4A19-49C7-8789-E3BA3679B8B0}.Debug|Any CPU.Build.0 = Debug|Any CPU
		{66CDA118-4A19-49C7-8789-E3BA3679B8B0}.Release|Any CPU.ActiveCfg = Release|Any CPU
		{66CDA118-4A19-49C7-8789-E3BA3679B8B0}.Release|Any CPU.Build.0 = Release|Any CPU
		{6F72B367-2441-44A8-A083-7F3F7B2CB60A}.Debug|Any CPU.ActiveCfg = Debug|Any CPU
		{6F72B367-2441-44A8-A083-7F3F7B2CB60A}.Debug|Any CPU.Build.0 = Debug|Any CPU
		{6F72B367-2441-44A8-A083-7F3F7B2CB60A}.Release|Any CPU.ActiveCfg = Release|Any CPU
		{6F72B367-2441-44A8-A083-7F3F7B2CB60A}.Release|Any CPU.Build.0 = Release|Any CPU
		{0EBDA0A6-29D5-452B-8E96-7E672D216BE7}.Debug|Any CPU.ActiveCfg = Debug|Any CPU
		{0EBDA0A6-29D5-452B-8E96-7E672D216BE7}.Debug|Any CPU.Build.0 = Debug|Any CPU
		{0EBDA0A6-29D5-452B-8E96-7E672D216BE7}.Release|Any CPU.ActiveCfg = Release|Any CPU
		{0EBDA0A6-29D5-452B-8E96-7E672D216BE7}.Release|Any CPU.Build.0 = Release|Any CPU
		{570EA677-EDDA-41D3-9E7B-866482B62CFE}.Debug|Any CPU.ActiveCfg = Debug|Any CPU
		{570EA677-EDDA-41D3-9E7B-866482B62CFE}.Debug|Any CPU.Build.0 = Debug|Any CPU
		{570EA677-EDDA-41D3-9E7B-866482B62CFE}.Release|Any CPU.ActiveCfg = Release|Any CPU
		{570EA677-EDDA-41D3-9E7B-866482B62CFE}.Release|Any CPU.Build.0 = Release|Any CPU
		{73A66AFA-C07A-4BE0-BB10-7BC299C8FDAB}.Debug|Any CPU.ActiveCfg = Debug|Any CPU
		{73A66AFA-C07A-4BE0-BB10-7BC299C8FDAB}.Debug|Any CPU.Build.0 = Debug|Any CPU
		{73A66AFA-C07A-4BE0-BB10-7BC299C8FDAB}.Release|Any CPU.ActiveCfg = Release|Any CPU
		{73A66AFA-C07A-4BE0-BB10-7BC299C8FDAB}.Release|Any CPU.Build.0 = Release|Any CPU
		{7BDF83E1-2F1F-42D2-82DA-65F74412E837}.Debug|Any CPU.ActiveCfg = Debug|Any CPU
		{7BDF83E1-2F1F-42D2-82DA-65F74412E837}.Debug|Any CPU.Build.0 = Debug|Any CPU
		{7BDF83E1-2F1F-42D2-82DA-65F74412E837}.Release|Any CPU.ActiveCfg = Release|Any CPU
		{7BDF83E1-2F1F-42D2-82DA-65F74412E837}.Release|Any CPU.Build.0 = Release|Any CPU
		{8DD5AC10-3AAC-4CE3-8A00-C0F020DD3A1C}.Debug|Any CPU.ActiveCfg = Debug|Any CPU
		{8DD5AC10-3AAC-4CE3-8A00-C0F020DD3A1C}.Debug|Any CPU.Build.0 = Debug|Any CPU
		{8DD5AC10-3AAC-4CE3-8A00-C0F020DD3A1C}.Release|Any CPU.ActiveCfg = Release|Any CPU
		{8DD5AC10-3AAC-4CE3-8A00-C0F020DD3A1C}.Release|Any CPU.Build.0 = Release|Any CPU
		{07AEFD68-9E97-4709-9760-8EC7C2BF614F}.Debug|Any CPU.ActiveCfg = Debug|Any CPU
		{07AEFD68-9E97-4709-9760-8EC7C2BF614F}.Debug|Any CPU.Build.0 = Debug|Any CPU
		{07AEFD68-9E97-4709-9760-8EC7C2BF614F}.Release|Any CPU.ActiveCfg = Release|Any CPU
		{07AEFD68-9E97-4709-9760-8EC7C2BF614F}.Release|Any CPU.Build.0 = Release|Any CPU
		{1C3B619A-457D-4FBF-88EE-D824F6DE3E15}.Debug|Any CPU.ActiveCfg = Debug|Any CPU
		{1C3B619A-457D-4FBF-88EE-D824F6DE3E15}.Debug|Any CPU.Build.0 = Debug|Any CPU
		{1C3B619A-457D-4FBF-88EE-D824F6DE3E15}.Release|Any CPU.ActiveCfg = Release|Any CPU
		{1C3B619A-457D-4FBF-88EE-D824F6DE3E15}.Release|Any CPU.Build.0 = Release|Any CPU
		{B878F625-C8D6-43AD-9067-DBFA8127B549}.Debug|Any CPU.ActiveCfg = Debug|Any CPU
		{B878F625-C8D6-43AD-9067-DBFA8127B549}.Debug|Any CPU.Build.0 = Debug|Any CPU
		{B878F625-C8D6-43AD-9067-DBFA8127B549}.Release|Any CPU.ActiveCfg = Release|Any CPU
		{B878F625-C8D6-43AD-9067-DBFA8127B549}.Release|Any CPU.Build.0 = Release|Any CPU
		{17D3296B-1791-4442-95EA-525C0D4C680B}.Debug|Any CPU.ActiveCfg = Debug|Any CPU
		{17D3296B-1791-4442-95EA-525C0D4C680B}.Debug|Any CPU.Build.0 = Debug|Any CPU
		{17D3296B-1791-4442-95EA-525C0D4C680B}.Release|Any CPU.ActiveCfg = Release|Any CPU
		{17D3296B-1791-4442-95EA-525C0D4C680B}.Release|Any CPU.Build.0 = Release|Any CPU
		{2FD89EFD-55CB-47AB-BE0E-D684500AB7AA}.Debug|Any CPU.ActiveCfg = Debug|Any CPU
		{2FD89EFD-55CB-47AB-BE0E-D684500AB7AA}.Debug|Any CPU.Build.0 = Debug|Any CPU
		{2FD89EFD-55CB-47AB-BE0E-D684500AB7AA}.Release|Any CPU.ActiveCfg = Release|Any CPU
		{2FD89EFD-55CB-47AB-BE0E-D684500AB7AA}.Release|Any CPU.Build.0 = Release|Any CPU
		{0B1CCBBB-94D6-400F-ADDD-7FE5D99F6F1A}.Debug|Any CPU.ActiveCfg = Debug|Any CPU
		{0B1CCBBB-94D6-400F-ADDD-7FE5D99F6F1A}.Debug|Any CPU.Build.0 = Debug|Any CPU
		{0B1CCBBB-94D6-400F-ADDD-7FE5D99F6F1A}.Release|Any CPU.ActiveCfg = Release|Any CPU
		{0B1CCBBB-94D6-400F-ADDD-7FE5D99F6F1A}.Release|Any CPU.Build.0 = Release|Any CPU
		{94014DC8-71BC-4E7B-AF62-4D2FFCE33A64}.Debug|Any CPU.ActiveCfg = Debug|Any CPU
		{94014DC8-71BC-4E7B-AF62-4D2FFCE33A64}.Debug|Any CPU.Build.0 = Debug|Any CPU
		{94014DC8-71BC-4E7B-AF62-4D2FFCE33A64}.Release|Any CPU.ActiveCfg = Release|Any CPU
		{94014DC8-71BC-4E7B-AF62-4D2FFCE33A64}.Release|Any CPU.Build.0 = Release|Any CPU
		{317A8D01-8377-4E74-9FD1-3763D6D6C356}.Debug|Any CPU.ActiveCfg = Debug|Any CPU
		{317A8D01-8377-4E74-9FD1-3763D6D6C356}.Debug|Any CPU.Build.0 = Debug|Any CPU
		{317A8D01-8377-4E74-9FD1-3763D6D6C356}.Release|Any CPU.ActiveCfg = Release|Any CPU
		{317A8D01-8377-4E74-9FD1-3763D6D6C356}.Release|Any CPU.Build.0 = Release|Any CPU
		{017D397F-FEE4-43A6-B9BC-D33A5CABB62F}.Debug|Any CPU.ActiveCfg = Debug|Any CPU
		{017D397F-FEE4-43A6-B9BC-D33A5CABB62F}.Debug|Any CPU.Build.0 = Debug|Any CPU
		{017D397F-FEE4-43A6-B9BC-D33A5CABB62F}.Release|Any CPU.ActiveCfg = Release|Any CPU
		{017D397F-FEE4-43A6-B9BC-D33A5CABB62F}.Release|Any CPU.Build.0 = Release|Any CPU
	EndGlobalSection
	GlobalSection(SolutionProperties) = preSolution
		HideSolutionNode = FALSE
	EndGlobalSection
	GlobalSection(ExtensibilityGlobals) = postSolution
		SolutionGuid = {14761F85-2A80-4023-81EA-6AFB367F748F}
	EndGlobalSection
EndGlobal
